
Microsoft Visual Studio Solution File, Format Version 12.00
# Visual Studio Version 17
VisualStudioVersion = 17.9.34701.34
MinimumVisualStudioVersion = 10.0.40219.1
Project("{FAE04EC0-301F-11D3-BF4B-00C04F79EFBC}") = "Tuan3", "Tuan3\Tuan3.csproj", "{4962DF72-2A6E-4E4E-8BC7-7F07CECF30DE}"
EndProject
Global
	GlobalSection(SolutionConfigurationPlatforms) = preSolution
		Debug|Any CPU = Debug|Any CPU
		Release|Any CPU = Release|Any CPU
	EndGlobalSection
	GlobalSection(ProjectConfigurationPlatforms) = postSolution
		{4962DF72-2A6E-4E4E-8BC7-7F07CECF30DE}.Debug|Any CPU.ActiveCfg = Debug|Any CPU
		{4962DF72-2A6E-4E4E-8BC7-7F07CECF30DE}.Debug|Any CPU.Build.0 = Debug|Any CPU
		{4962DF72-2A6E-4E4E-8BC7-7F07CECF30DE}.Release|Any CPU.ActiveCfg = Release|Any CPU
		{4962DF72-2A6E-4E4E-8BC7-7F07CECF30DE}.Release|Any CPU.Build.0 = Release|Any CPU
	EndGlobalSection
	GlobalSection(SolutionProperties) = preSolution
		HideSolutionNode = FALSE
	EndGlobalSection
	GlobalSection(ExtensibilityGlobals) = postSolution
		SolutionGuid = {AE9DC20D-F639-4D2B-8913-9DD89B1EF07A}
	EndGlobalSection
EndGlobal
